// !$*UTF8*$!
{
	archiveVersion = 1;
	classes = {
	};
	objectVersion = 46;
	objects = {

/* Begin PBXBuildFile section */
		65180F071F52376100C13AB3 /* itemRecognise.swift in Sources */ = {isa = PBXBuildFile; fileRef = 65180F061F52376100C13AB3 /* itemRecognise.swift */; };
		65180F091F5243D500C13AB3 /* Shake.swift in Sources */ = {isa = PBXBuildFile; fileRef = 65180F081F5243D500C13AB3 /* Shake.swift */; };
		65180F0C1F524AF600C13AB3 /* CoreLocation.framework in Frameworks */ = {isa = PBXBuildFile; fileRef = 65180F0B1F524AF600C13AB3 /* CoreLocation.framework */; };
		65180F0E1F524F6900C13AB3 /* drawMap.swift in Sources */ = {isa = PBXBuildFile; fileRef = 65180F0D1F524F6900C13AB3 /* drawMap.swift */; };
		65180F121F5398D700C13AB3 /* Pulsing.swift in Sources */ = {isa = PBXBuildFile; fileRef = 65180F111F5398D700C13AB3 /* Pulsing.swift */; };
		653D884C1F672A6C002EDCB3 /* itemsInBox5ViewController.swift in Sources */ = {isa = PBXBuildFile; fileRef = 653D884B1F672A6C002EDCB3 /* itemsInBox5ViewController.swift */; };
		653E78381F6ADF9E00FA3D3E /* ShakeDevice6ViewController.swift in Sources */ = {isa = PBXBuildFile; fileRef = 653E78371F6ADF9E00FA3D3E /* ShakeDevice6ViewController.swift */; };
		653E783C1F6B576A00FA3D3E /* Settings7ViewController.swift in Sources */ = {isa = PBXBuildFile; fileRef = 653E783B1F6B576A00FA3D3E /* Settings7ViewController.swift */; };
		653E78481F6C706400FA3D3E /* Killed8ViewController.swift in Sources */ = {isa = PBXBuildFile; fileRef = 653E78471F6C706400FA3D3E /* Killed8ViewController.swift */; };
		653E78981F796D4000FA3D3E /* Model.xcdatamodeld in Sources */ = {isa = PBXBuildFile; fileRef = 653E78531F79685900FA3D3E /* Model.xcdatamodeld */; };
		657ACDEE1F7D6BD900847E24 /* backpackMemory.swift in Sources */ = {isa = PBXBuildFile; fileRef = 657ACDED1F7D6BD900847E24 /* backpackMemory.swift */; };
		657ACDF21F801C7500847E24 /* Intro.wav in Resources */ = {isa = PBXBuildFile; fileRef = 657ACDF11F801C7500847E24 /* Intro.wav */; };
		657ACDFF1F85883200847E24 /* itemDrop.wav in Resources */ = {isa = PBXBuildFile; fileRef = 657ACDFD1F85883200847E24 /* itemDrop.wav */; };
		657ACE001F85883200847E24 /* lightGun.mp3 in Resources */ = {isa = PBXBuildFile; fileRef = 657ACDFE1F85883200847E24 /* lightGun.mp3 */; };
		657ACE041F858EB000847E24 /* heavyGun.wav in Resources */ = {isa = PBXBuildFile; fileRef = 657ACE031F858EB000847E24 /* heavyGun.wav */; };
		657ACE071F8590A300847E24 /* grenade.wav in Resources */ = {isa = PBXBuildFile; fileRef = 657ACE051F8590A300847E24 /* grenade.wav */; };
		657ACE081F8590A300847E24 /* rocketLauncher.wav in Resources */ = {isa = PBXBuildFile; fileRef = 657ACE061F8590A300847E24 /* rocketLauncher.wav */; };
		657ACE0B1F86557E00847E24 /* ambientMusic.mp3 in Resources */ = {isa = PBXBuildFile; fileRef = 657ACE091F86557E00847E24 /* ambientMusic.mp3 */; };
		657ACE0C1F86557E00847E24 /* zombieBorn.wav in Resources */ = {isa = PBXBuildFile; fileRef = 657ACE0A1F86557E00847E24 /* zombieBorn.wav */; };
		657ACE0E1F86637100847E24 /* click.mp3 in Resources */ = {isa = PBXBuildFile; fileRef = 657ACE0D1F86637100847E24 /* click.mp3 */; };
		657ACE121F8FDC5800847E24 /* emptyGun.wav in Resources */ = {isa = PBXBuildFile; fileRef = 657ACE111F8FDC5800847E24 /* emptyGun.wav */; };
		657ACE1A1F94F0AA00847E24 /* zombieAttacks.wav in Resources */ = {isa = PBXBuildFile; fileRef = 657ACE191F94F0AA00847E24 /* zombieAttacks.wav */; };
		657ACE1C1F94F26100847E24 /* killed.wav in Resources */ = {isa = PBXBuildFile; fileRef = 657ACE1B1F94F26100847E24 /* killed.wav */; };
		657ACE1E1F95442000847E24 /* player.swift in Sources */ = {isa = PBXBuildFile; fileRef = 657ACE1D1F95442000847E24 /* player.swift */; };
		657ACE201F98227500847E24 /* VictoryViewController.swift in Sources */ = {isa = PBXBuildFile; fileRef = 657ACE1F1F98227500847E24 /* VictoryViewController.swift */; };
		657ACE221F98286A00847E24 /* victory.wav in Resources */ = {isa = PBXBuildFile; fileRef = 657ACE211F98286A00847E24 /* victory.wav */; };
		657ACE261F9971A700847E24 /* heal.wav in Resources */ = {isa = PBXBuildFile; fileRef = 657ACE251F9971A700847E24 /* heal.wav */; };
		657ACE281F99741F00847E24 /* shake.wav in Resources */ = {isa = PBXBuildFile; fileRef = 657ACE271F99741F00847E24 /* shake.wav */; };
		657C5F6B1F2F29A200C29AAC /* AppDelegate.swift in Sources */ = {isa = PBXBuildFile; fileRef = 657C5F6A1F2F29A200C29AAC /* AppDelegate.swift */; };
		657C5F6D1F2F29A200C29AAC /* ViewController.swift in Sources */ = {isa = PBXBuildFile; fileRef = 657C5F6C1F2F29A200C29AAC /* ViewController.swift */; };
		657C5F701F2F29A200C29AAC /* Main.storyboard in Resources */ = {isa = PBXBuildFile; fileRef = 657C5F6E1F2F29A200C29AAC /* Main.storyboard */; };
		657C5F721F2F29A200C29AAC /* Assets.xcassets in Resources */ = {isa = PBXBuildFile; fileRef = 657C5F711F2F29A200C29AAC /* Assets.xcassets */; };
		657C5F751F2F29A200C29AAC /* LaunchScreen.storyboard in Resources */ = {isa = PBXBuildFile; fileRef = 657C5F731F2F29A200C29AAC /* LaunchScreen.storyboard */; };
		657C5F7F1F2F2D4A00C29AAC /* Intro2ViewController.swift in Sources */ = {isa = PBXBuildFile; fileRef = 657C5F7E1F2F2D4A00C29AAC /* Intro2ViewController.swift */; };
		659937941F32081800E8A37E /* Game3ViewController.swift in Sources */ = {isa = PBXBuildFile; fileRef = 659937931F32081800E8A37E /* Game3ViewController.swift */; };
		659937B41F3929FF00E8A37E /* Backpack4ViewController.swift in Sources */ = {isa = PBXBuildFile; fileRef = 659937B31F3929FF00E8A37E /* Backpack4ViewController.swift */; };
/* End PBXBuildFile section */

/* Begin PBXFileReference section */
		65180F061F52376100C13AB3 /* itemRecognise.swift */ = {isa = PBXFileReference; fileEncoding = 4; lastKnownFileType = sourcecode.swift; name = itemRecognise.swift; path = ../itemRecognise.swift; sourceTree = "<group>"; };
		65180F081F5243D500C13AB3 /* Shake.swift */ = {isa = PBXFileReference; fileEncoding = 4; lastKnownFileType = sourcecode.swift; path = Shake.swift; sourceTree = "<group>"; };
		65180F0B1F524AF600C13AB3 /* CoreLocation.framework */ = {isa = PBXFileReference; lastKnownFileType = wrapper.framework; name = CoreLocation.framework; path = System/Library/Frameworks/CoreLocation.framework; sourceTree = SDKROOT; };
		65180F0D1F524F6900C13AB3 /* drawMap.swift */ = {isa = PBXFileReference; fileEncoding = 4; lastKnownFileType = sourcecode.swift; path = drawMap.swift; sourceTree = "<group>"; };
		65180F111F5398D700C13AB3 /* Pulsing.swift */ = {isa = PBXFileReference; fileEncoding = 4; lastKnownFileType = sourcecode.swift; path = Pulsing.swift; sourceTree = "<group>"; };
		653D884B1F672A6C002EDCB3 /* itemsInBox5ViewController.swift */ = {isa = PBXFileReference; fileEncoding = 4; lastKnownFileType = sourcecode.swift; path = itemsInBox5ViewController.swift; sourceTree = "<group>"; };
		653E78371F6ADF9E00FA3D3E /* ShakeDevice6ViewController.swift */ = {isa = PBXFileReference; fileEncoding = 4; lastKnownFileType = sourcecode.swift; name = ShakeDevice6ViewController.swift; path = ../ShakeDevice6ViewController.swift; sourceTree = "<group>"; };
		653E783B1F6B576A00FA3D3E /* Settings7ViewController.swift */ = {isa = PBXFileReference; fileEncoding = 4; lastKnownFileType = sourcecode.swift; path = Settings7ViewController.swift; sourceTree = "<group>"; };
		653E78471F6C706400FA3D3E /* Killed8ViewController.swift */ = {isa = PBXFileReference; fileEncoding = 4; lastKnownFileType = sourcecode.swift; path = Killed8ViewController.swift; sourceTree = "<group>"; };
		653E78541F79685900FA3D3E /* Model.xcdatamodel */ = {isa = PBXFileReference; lastKnownFileType = wrapper.xcdatamodel; path = Model.xcdatamodel; sourceTree = "<group>"; };
		657ACDED1F7D6BD900847E24 /* backpackMemory.swift */ = {isa = PBXFileReference; fileEncoding = 4; lastKnownFileType = sourcecode.swift; path = backpackMemory.swift; sourceTree = "<group>"; };
		657ACDF11F801C7500847E24 /* Intro.wav */ = {isa = PBXFileReference; lastKnownFileType = audio.wav; name = Intro.wav; path = ../../Intro.wav; sourceTree = "<group>"; };
		657ACDF91F8573AF00847E24 /* AVFoundation.framework */ = {isa = PBXFileReference; lastKnownFileType = wrapper.framework; name = AVFoundation.framework; path = System/Library/Frameworks/AVFoundation.framework; sourceTree = SDKROOT; };
		657ACDFD1F85883200847E24 /* itemDrop.wav */ = {isa = PBXFileReference; lastKnownFileType = audio.wav; path = itemDrop.wav; sourceTree = SOURCE_ROOT; };
		657ACDFE1F85883200847E24 /* lightGun.mp3 */ = {isa = PBXFileReference; lastKnownFileType = audio.mp3; path = lightGun.mp3; sourceTree = SOURCE_ROOT; };
		657ACE031F858EB000847E24 /* heavyGun.wav */ = {isa = PBXFileReference; lastKnownFileType = audio.wav; path = heavyGun.wav; sourceTree = SOURCE_ROOT; };
		657ACE051F8590A300847E24 /* grenade.wav */ = {isa = PBXFileReference; lastKnownFileType = audio.wav; path = grenade.wav; sourceTree = SOURCE_ROOT; };
		657ACE061F8590A300847E24 /* rocketLauncher.wav */ = {isa = PBXFileReference; lastKnownFileType = audio.wav; path = rocketLauncher.wav; sourceTree = SOURCE_ROOT; };
		657ACE091F86557E00847E24 /* ambientMusic.mp3 */ = {isa = PBXFileReference; lastKnownFileType = audio.mp3; path = ambientMusic.mp3; sourceTree = SOURCE_ROOT; };
		657ACE0A1F86557E00847E24 /* zombieBorn.wav */ = {isa = PBXFileReference; lastKnownFileType = audio.wav; path = zombieBorn.wav; sourceTree = SOURCE_ROOT; };
		657ACE0D1F86637100847E24 /* click.mp3 */ = {isa = PBXFileReference; lastKnownFileType = audio.mp3; path = click.mp3; sourceTree = SOURCE_ROOT; };
		657ACE111F8FDC5800847E24 /* emptyGun.wav */ = {isa = PBXFileReference; lastKnownFileType = audio.wav; path = emptyGun.wav; sourceTree = SOURCE_ROOT; };
		657ACE191F94F0AA00847E24 /* zombieAttacks.wav */ = {isa = PBXFileReference; lastKnownFileType = audio.wav; path = zombieAttacks.wav; sourceTree = SOURCE_ROOT; };
		657ACE1B1F94F26100847E24 /* killed.wav */ = {isa = PBXFileReference; lastKnownFileType = audio.wav; path = killed.wav; sourceTree = SOURCE_ROOT; };
		657ACE1D1F95442000847E24 /* player.swift */ = {isa = PBXFileReference; fileEncoding = 4; lastKnownFileType = sourcecode.swift; path = player.swift; sourceTree = "<group>"; };
		657ACE1F1F98227500847E24 /* VictoryViewController.swift */ = {isa = PBXFileReference; fileEncoding = 4; lastKnownFileType = sourcecode.swift; path = VictoryViewController.swift; sourceTree = "<group>"; };
		657ACE211F98286A00847E24 /* victory.wav */ = {isa = PBXFileReference; lastKnownFileType = audio.wav; path = victory.wav; sourceTree = SOURCE_ROOT; };
		657ACE251F9971A700847E24 /* heal.wav */ = {isa = PBXFileReference; lastKnownFileType = audio.wav; path = heal.wav; sourceTree = SOURCE_ROOT; };
		657ACE271F99741F00847E24 /* shake.wav */ = {isa = PBXFileReference; lastKnownFileType = audio.wav; path = shake.wav; sourceTree = SOURCE_ROOT; };
		657C5F671F2F29A200C29AAC /* Zombie Run.app */ = {isa = PBXFileReference; explicitFileType = wrapper.application; includeInIndex = 0; path = "Zombie Run.app"; sourceTree = BUILT_PRODUCTS_DIR; };
		657C5F6A1F2F29A200C29AAC /* AppDelegate.swift */ = {isa = PBXFileReference; lastKnownFileType = sourcecode.swift; path = AppDelegate.swift; sourceTree = "<group>"; };
		657C5F6C1F2F29A200C29AAC /* ViewController.swift */ = {isa = PBXFileReference; lastKnownFileType = sourcecode.swift; path = ViewController.swift; sourceTree = "<group>"; };
		657C5F6F1F2F29A200C29AAC /* Base */ = {isa = PBXFileReference; lastKnownFileType = file.storyboard; name = Base; path = Base.lproj/Main.storyboard; sourceTree = "<group>"; };
		657C5F711F2F29A200C29AAC /* Assets.xcassets */ = {isa = PBXFileReference; lastKnownFileType = folder.assetcatalog; path = Assets.xcassets; sourceTree = "<group>"; };
		657C5F741F2F29A200C29AAC /* Base */ = {isa = PBXFileReference; lastKnownFileType = file.storyboard; name = Base; path = Base.lproj/LaunchScreen.storyboard; sourceTree = "<group>"; };
		657C5F761F2F29A200C29AAC /* Info.plist */ = {isa = PBXFileReference; lastKnownFileType = text.plist.xml; path = Info.plist; sourceTree = "<group>"; };
		657C5F7E1F2F2D4A00C29AAC /* Intro2ViewController.swift */ = {isa = PBXFileReference; fileEncoding = 4; lastKnownFileType = sourcecode.swift; name = Intro2ViewController.swift; path = ../Intro2ViewController.swift; sourceTree = "<group>"; };
		659937931F32081800E8A37E /* Game3ViewController.swift */ = {isa = PBXFileReference; fileEncoding = 4; lastKnownFileType = sourcecode.swift; path = Game3ViewController.swift; sourceTree = "<group>"; };
		659937B31F3929FF00E8A37E /* Backpack4ViewController.swift */ = {isa = PBXFileReference; fileEncoding = 4; lastKnownFileType = sourcecode.swift; name = Backpack4ViewController.swift; path = ../Backpack4ViewController.swift; sourceTree = "<group>"; };
/* End PBXFileReference section */

/* Begin PBXFrameworksBuildPhase section */
		657C5F641F2F29A200C29AAC /* Frameworks */ = {
			isa = PBXFrameworksBuildPhase;
			buildActionMask = 2147483647;
			files = (
				65180F0C1F524AF600C13AB3 /* CoreLocation.framework in Frameworks */,
			);
			runOnlyForDeploymentPostprocessing = 0;
		};
/* End PBXFrameworksBuildPhase section */

/* Begin PBXGroup section */
		65180F0A1F524AF600C13AB3 /* Frameworks */ = {
			isa = PBXGroup;
			children = (
				657ACDF91F8573AF00847E24 /* AVFoundation.framework */,
				65180F0B1F524AF600C13AB3 /* CoreLocation.framework */,
			);
			name = Frameworks;
			sourceTree = "<group>";
		};
		657C5F5E1F2F29A200C29AAC = {
			isa = PBXGroup;
			children = (
				657C5F691F2F29A200C29AAC /* Zombie Run */,
				657C5F681F2F29A200C29AAC /* Products */,
				65180F0A1F524AF600C13AB3 /* Frameworks */,
			);
			sourceTree = "<group>";
		};
		657C5F681F2F29A200C29AAC /* Products */ = {
			isa = PBXGroup;
			children = (
				657C5F671F2F29A200C29AAC /* Zombie Run.app */,
			);
			name = Products;
			sourceTree = "<group>";
		};
		657C5F691F2F29A200C29AAC /* Zombie Run */ = {
			isa = PBXGroup;
			children = (
				657C5F6A1F2F29A200C29AAC /* AppDelegate.swift */,
				657C5F6C1F2F29A200C29AAC /* ViewController.swift */,
				657C5F7E1F2F2D4A00C29AAC /* Intro2ViewController.swift */,
				659937931F32081800E8A37E /* Game3ViewController.swift */,
				659937B31F3929FF00E8A37E /* Backpack4ViewController.swift */,
				657ACDED1F7D6BD900847E24 /* backpackMemory.swift */,
				653D884B1F672A6C002EDCB3 /* itemsInBox5ViewController.swift */,
				653E78371F6ADF9E00FA3D3E /* ShakeDevice6ViewController.swift */,
				653E783B1F6B576A00FA3D3E /* Settings7ViewController.swift */,
				653E78471F6C706400FA3D3E /* Killed8ViewController.swift */,
				657ACE1F1F98227500847E24 /* VictoryViewController.swift */,
				65180F0D1F524F6900C13AB3 /* drawMap.swift */,
				65180F061F52376100C13AB3 /* itemRecognise.swift */,
				657ACE1D1F95442000847E24 /* player.swift */,
				65180F081F5243D500C13AB3 /* Shake.swift */,
				65180F111F5398D700C13AB3 /* Pulsing.swift */,
				657C5F6E1F2F29A200C29AAC /* Main.storyboard */,
				653E78531F79685900FA3D3E /* Model.xcdatamodeld */,
				657C5F731F2F29A200C29AAC /* LaunchScreen.storyboard */,
				657ACE0D1F86637100847E24 /* click.mp3 */,
				657ACDF11F801C7500847E24 /* Intro.wav */,
				657ACE091F86557E00847E24 /* ambientMusic.mp3 */,
				657ACE0A1F86557E00847E24 /* zombieBorn.wav */,
				657ACDFD1F85883200847E24 /* itemDrop.wav */,
				657ACDFE1F85883200847E24 /* lightGun.mp3 */,
				657ACE031F858EB000847E24 /* heavyGun.wav */,
				657ACE111F8FDC5800847E24 /* emptyGun.wav */,
				657ACE051F8590A300847E24 /* grenade.wav */,
				657ACE061F8590A300847E24 /* rocketLauncher.wav */,
				657ACE191F94F0AA00847E24 /* zombieAttacks.wav */,
				657ACE1B1F94F26100847E24 /* killed.wav */,
				657ACE211F98286A00847E24 /* victory.wav */,
				657ACE271F99741F00847E24 /* shake.wav */,
				657ACE251F9971A700847E24 /* heal.wav */,
				657C5F711F2F29A200C29AAC /* Assets.xcassets */,
				657C5F761F2F29A200C29AAC /* Info.plist */,
			);
			path = "Zombie Run";
			sourceTree = "<group>";
		};
/* End PBXGroup section */

/* Begin PBXNativeTarget section */
		657C5F661F2F29A200C29AAC /* Zombie Run */ = {
			isa = PBXNativeTarget;
			buildConfigurationList = 657C5F791F2F29A200C29AAC /* Build configuration list for PBXNativeTarget "Zombie Run" */;
			buildPhases = (
				657C5F631F2F29A200C29AAC /* Sources */,
				657C5F641F2F29A200C29AAC /* Frameworks */,
				657C5F651F2F29A200C29AAC /* Resources */,
			);
			buildRules = (
			);
			dependencies = (
			);
			name = "Zombie Run";
			productName = "Zombie Run";
			productReference = 657C5F671F2F29A200C29AAC /* Zombie Run.app */;
			productType = "com.apple.product-type.application";
		};
/* End PBXNativeTarget section */

/* Begin PBXProject section */
		657C5F5F1F2F29A200C29AAC /* Project object */ = {
			isa = PBXProject;
			attributes = {
				LastSwiftUpdateCheck = 0820;
				LastUpgradeCheck = 0820;
				ORGANIZATIONNAME = AleksyTylkowski;
				TargetAttributes = {
					657C5F661F2F29A200C29AAC = {
						CreatedOnToolsVersion = 8.2.1;
						DevelopmentTeam = 9734TBY65C;
						ProvisioningStyle = Automatic;
					};
				};
			};
			buildConfigurationList = 657C5F621F2F29A200C29AAC /* Build configuration list for PBXProject "Zombie Run" */;
			compatibilityVersion = "Xcode 3.2";
			developmentRegion = English;
			hasScannedForEncodings = 0;
			knownRegions = (
				en,
				Base,
			);
			mainGroup = 657C5F5E1F2F29A200C29AAC;
			productRefGroup = 657C5F681F2F29A200C29AAC /* Products */;
			projectDirPath = "";
			projectRoot = "";
			targets = (
				657C5F661F2F29A200C29AAC /* Zombie Run */,
			);
		};
/* End PBXProject section */

/* Begin PBXResourcesBuildPhase section */
		657C5F651F2F29A200C29AAC /* Resources */ = {
			isa = PBXResourcesBuildPhase;
			buildActionMask = 2147483647;
			files = (
				657ACE081F8590A300847E24 /* rocketLauncher.wav in Resources */,
				657ACE281F99741F00847E24 /* shake.wav in Resources */,
				657C5F751F2F29A200C29AAC /* LaunchScreen.storyboard in Resources */,
				657ACE0C1F86557E00847E24 /* zombieBorn.wav in Resources */,
				657ACDF21F801C7500847E24 /* Intro.wav in Resources */,
				657ACE0B1F86557E00847E24 /* ambientMusic.mp3 in Resources */,
				657ACE001F85883200847E24 /* lightGun.mp3 in Resources */,
				657ACDFF1F85883200847E24 /* itemDrop.wav in Resources */,
				657ACE221F98286A00847E24 /* victory.wav in Resources */,
				657ACE121F8FDC5800847E24 /* emptyGun.wav in Resources */,
				657ACE041F858EB000847E24 /* heavyGun.wav in Resources */,
				657ACE071F8590A300847E24 /* grenade.wav in Resources */,
				657ACE0E1F86637100847E24 /* click.mp3 in Resources */,
				657ACE1C1F94F26100847E24 /* killed.wav in Resources */,
				657ACE261F9971A700847E24 /* heal.wav in Resources */,
				657C5F721F2F29A200C29AAC /* Assets.xcassets in Resources */,
				657ACE1A1F94F0AA00847E24 /* zombieAttacks.wav in Resources */,
				657C5F701F2F29A200C29AAC /* Main.storyboard in Resources */,
			);
			runOnlyForDeploymentPostprocessing = 0;
		};
/* End PBXResourcesBuildPhase section */

/* Begin PBXSourcesBuildPhase section */
		657C5F631F2F29A200C29AAC /* Sources */ = {
			isa = PBXSourcesBuildPhase;
			buildActionMask = 2147483647;
			files = (
				653D884C1F672A6C002EDCB3 /* itemsInBox5ViewController.swift in Sources */,
				659937941F32081800E8A37E /* Game3ViewController.swift in Sources */,
				65180F121F5398D700C13AB3 /* Pulsing.swift in Sources */,
				653E78981F796D4000FA3D3E /* Model.xcdatamodeld in Sources */,
				657ACE201F98227500847E24 /* VictoryViewController.swift in Sources */,
				657ACE1E1F95442000847E24 /* player.swift in Sources */,
				659937B41F3929FF00E8A37E /* Backpack4ViewController.swift in Sources */,
				653E78381F6ADF9E00FA3D3E /* ShakeDevice6ViewController.swift in Sources */,
				65180F071F52376100C13AB3 /* itemRecognise.swift in Sources */,
				65180F091F5243D500C13AB3 /* Shake.swift in Sources */,
				653E78481F6C706400FA3D3E /* Killed8ViewController.swift in Sources */,
				65180F0E1F524F6900C13AB3 /* drawMap.swift in Sources */,
				657C5F6D1F2F29A200C29AAC /* ViewController.swift in Sources */,
				657C5F6B1F2F29A200C29AAC /* AppDelegate.swift in Sources */,
				657ACDEE1F7D6BD900847E24 /* backpackMemory.swift in Sources */,
				657C5F7F1F2F2D4A00C29AAC /* Intro2ViewController.swift in Sources */,
				653E783C1F6B576A00FA3D3E /* Settings7ViewController.swift in Sources */,
			);
			runOnlyForDeploymentPostprocessing = 0;
		};
/* End PBXSourcesBuildPhase section */

/* Begin PBXVariantGroup section */
		657C5F6E1F2F29A200C29AAC /* Main.storyboard */ = {
			isa = PBXVariantGroup;
			children = (
				657C5F6F1F2F29A200C29AAC /* Base */,
			);
			name = Main.storyboard;
			sourceTree = "<group>";
		};
		657C5F731F2F29A200C29AAC /* LaunchScreen.storyboard */ = {
			isa = PBXVariantGroup;
			children = (
				657C5F741F2F29A200C29AAC /* Base */,
			);
			name = LaunchScreen.storyboard;
			sourceTree = "<group>";
		};
/* End PBXVariantGroup section */

/* Begin XCBuildConfiguration section */
		657C5F771F2F29A200C29AAC /* Debug */ = {
			isa = XCBuildConfiguration;
			buildSettings = {
				ALWAYS_SEARCH_USER_PATHS = NO;
				CLANG_ANALYZER_NONNULL = YES;
				CLANG_CXX_LANGUAGE_STANDARD = "gnu++0x";
				CLANG_CXX_LIBRARY = "libc++";
				CLANG_ENABLE_MODULES = YES;
				CLANG_ENABLE_OBJC_ARC = YES;
				CLANG_WARN_BOOL_CONVERSION = YES;
				CLANG_WARN_CONSTANT_CONVERSION = YES;
				CLANG_WARN_DIRECT_OBJC_ISA_USAGE = YES_ERROR;
				CLANG_WARN_DOCUMENTATION_COMMENTS = YES;
				CLANG_WARN_EMPTY_BODY = YES;
				CLANG_WARN_ENUM_CONVERSION = YES;
				CLANG_WARN_INFINITE_RECURSION = YES;
				CLANG_WARN_INT_CONVERSION = YES;
				CLANG_WARN_OBJC_ROOT_CLASS = YES_ERROR;
				CLANG_WARN_SUSPICIOUS_MOVE = YES;
				CLANG_WARN_UNREACHABLE_CODE = YES;
				CLANG_WARN__DUPLICATE_METHOD_MATCH = YES;
				"CODE_SIGN_IDENTITY[sdk=iphoneos*]" = "iPhone Developer";
				COPY_PHASE_STRIP = NO;
				DEBUG_INFORMATION_FORMAT = dwarf;
				ENABLE_STRICT_OBJC_MSGSEND = YES;
				ENABLE_TESTABILITY = YES;
				GCC_C_LANGUAGE_STANDARD = gnu99;
				GCC_DYNAMIC_NO_PIC = NO;
				GCC_NO_COMMON_BLOCKS = YES;
				GCC_OPTIMIZATION_LEVEL = 0;
				GCC_PREPROCESSOR_DEFINITIONS = (
					"DEBUG=1",
					"$(inherited)",
				);
				GCC_WARN_64_TO_32_BIT_CONVERSION = YES;
				GCC_WARN_ABOUT_RETURN_TYPE = YES_ERROR;
				GCC_WARN_UNDECLARED_SELECTOR = YES;
				GCC_WARN_UNINITIALIZED_AUTOS = YES_AGGRESSIVE;
				GCC_WARN_UNUSED_FUNCTION = YES;
				GCC_WARN_UNUSED_VARIABLE = YES;
				IPHONEOS_DEPLOYMENT_TARGET = 10.2;
				MTL_ENABLE_DEBUG_INFO = YES;
				ONLY_ACTIVE_ARCH = YES;
				SDKROOT = iphoneos;
				SWIFT_ACTIVE_COMPILATION_CONDITIONS = DEBUG;
				SWIFT_OPTIMIZATION_LEVEL = "-Onone";
			};
			name = Debug;
		};
		657C5F781F2F29A200C29AAC /* Release */ = {
			isa = XCBuildConfiguration;
			buildSettings = {
				ALWAYS_SEARCH_USER_PATHS = NO;
				CLANG_ANALYZER_NONNULL = YES;
				CLANG_CXX_LANGUAGE_STANDARD = "gnu++0x";
				CLANG_CXX_LIBRARY = "libc++";
				CLANG_ENABLE_MODULES = YES;
				CLANG_ENABLE_OBJC_ARC = YES;
				CLANG_WARN_BOOL_CONVERSION = YES;
				CLANG_WARN_CONSTANT_CONVERSION = YES;
				CLANG_WARN_DIRECT_OBJC_ISA_USAGE = YES_ERROR;
				CLANG_WARN_DOCUMENTATION_COMMENTS = YES;
				CLANG_WARN_EMPTY_BODY = YES;
				CLANG_WARN_ENUM_CONVERSION = YES;
				CLANG_WARN_INFINITE_RECURSION = YES;
				CLANG_WARN_INT_CONVERSION = YES;
				CLANG_WARN_OBJC_ROOT_CLASS = YES_ERROR;
				CLANG_WARN_SUSPICIOUS_MOVE = YES;
				CLANG_WARN_UNREACHABLE_CODE = YES;
				CLANG_WARN__DUPLICATE_METHOD_MATCH = YES;
				"CODE_SIGN_IDENTITY[sdk=iphoneos*]" = "iPhone Developer";
				COPY_PHASE_STRIP = NO;
				DEBUG_INFORMATION_FORMAT = "dwarf-with-dsym";
				ENABLE_NS_ASSERTIONS = NO;
				ENABLE_STRICT_OBJC_MSGSEND = YES;
				GCC_C_LANGUAGE_STANDARD = gnu99;
				GCC_NO_COMMON_BLOCKS = YES;
				GCC_WARN_64_TO_32_BIT_CONVERSION = YES;
				GCC_WARN_ABOUT_RETURN_TYPE = YES_ERROR;
				GCC_WARN_UNDECLARED_SELECTOR = YES;
				GCC_WARN_UNINITIALIZED_AUTOS = YES_AGGRESSIVE;
				GCC_WARN_UNUSED_FUNCTION = YES;
				GCC_WARN_UNUSED_VARIABLE = YES;
				IPHONEOS_DEPLOYMENT_TARGET = 10.2;
				MTL_ENABLE_DEBUG_INFO = NO;
				SDKROOT = iphoneos;
				SWIFT_OPTIMIZATION_LEVEL = "-Owholemodule";
				VALIDATE_PRODUCT = YES;
			};
			name = Release;
		};
		657C5F7A1F2F29A200C29AAC /* Debug */ = {
			isa = XCBuildConfiguration;
			buildSettings = {
				ASSETCATALOG_COMPILER_APPICON_NAME = AppIcon;
				DEVELOPMENT_TEAM = 9734TBY65C;
				INFOPLIST_FILE = "Zombie Run/Info.plist";
				LD_RUNPATH_SEARCH_PATHS = "$(inherited) @executable_path/Frameworks";
				PRODUCT_BUNDLE_IDENTIFIER = "com.AleksyTylkowski.Zombie-Run";
				PRODUCT_NAME = "$(TARGET_NAME)";
				SWIFT_VERSION = 3.0;
			};
			name = Debug;
		};
		657C5F7B1F2F29A200C29AAC /* Release */ = {
			isa = XCBuildConfiguration;
			buildSettings = {
				ASSETCATALOG_COMPILER_APPICON_NAME = AppIcon;
				DEVELOPMENT_TEAM = 9734TBY65C;
				INFOPLIST_FILE = "Zombie Run/Info.plist";
				LD_RUNPATH_SEARCH_PATHS = "$(inherited) @executable_path/Frameworks";
				PRODUCT_BUNDLE_IDENTIFIER = "com.AleksyTylkowski.Zombie-Run";
				PRODUCT_NAME = "$(TARGET_NAME)";
				SWIFT_VERSION = 3.0;
			};
			name = Release;
		};
/* End XCBuildConfiguration section */

/* Begin XCConfigurationList section */
		657C5F621F2F29A200C29AAC /* Build configuration list for PBXProject "Zombie Run" */ = {
			isa = XCConfigurationList;
			buildConfigurations = (
				657C5F771F2F29A200C29AAC /* Debug */,
				657C5F781F2F29A200C29AAC /* Release */,
			);
			defaultConfigurationIsVisible = 0;
			defaultConfigurationName = Release;
		};
		657C5F791F2F29A200C29AAC /* Build configuration list for PBXNativeTarget "Zombie Run" */ = {
			isa = XCConfigurationList;
			buildConfigurations = (
				657C5F7A1F2F29A200C29AAC /* Debug */,
				657C5F7B1F2F29A200C29AAC /* Release */,
			);
			defaultConfigurationIsVisible = 0;
			defaultConfigurationName = Release;
		};
/* End XCConfigurationList section */

/* Begin XCVersionGroup section */
		653E78531F79685900FA3D3E /* Model.xcdatamodeld */ = {
			isa = XCVersionGroup;
			children = (
				653E78541F79685900FA3D3E /* Model.xcdatamodel */,
			);
			currentVersion = 653E78541F79685900FA3D3E /* Model.xcdatamodel */;
			path = Model.xcdatamodeld;
			sourceTree = "<group>";
			versionGroupType = wrapper.xcdatamodel;
		};
/* End XCVersionGroup section */
	};
	rootObject = 657C5F5F1F2F29A200C29AAC /* Project object */;
}
